
Microsoft Visual Studio Solution File, Format Version 12.00
# Visual Studio Version 17
VisualStudioVersion = 17.3.32929.385
MinimumVisualStudioVersion = 10.0.40219.1
Project("{FAE04EC0-301F-11D3-BF4B-00C04F79EFBC}") = "Manav", "Manav\Manav.csproj", "{739EF929-5816-456F-8712-18B7F2A6E45D}"
EndProject
Global
	GlobalSection(SolutionConfigurationPlatforms) = preSolution
		Debug|Any CPU = Debug|Any CPU
		Release|Any CPU = Release|Any CPU
	EndGlobalSection
	GlobalSection(ProjectConfigurationPlatforms) = postSolution
		{739EF929-5816-456F-8712-18B7F2A6E45D}.Debug|Any CPU.ActiveCfg = Debug|Any CPU
		{739EF929-5816-456F-8712-18B7F2A6E45D}.Debug|Any CPU.Build.0 = Debug|Any CPU
		{739EF929-5816-456F-8712-18B7F2A6E45D}.Release|Any CPU.ActiveCfg = Release|Any CPU
		{739EF929-5816-456F-8712-18B7F2A6E45D}.Release|Any CPU.Build.0 = Release|Any CPU
	EndGlobalSection
	GlobalSection(SolutionProperties) = preSolution
		HideSolutionNode = FALSE
	EndGlobalSection
	GlobalSection(ExtensibilityGlobals) = postSolution
		SolutionGuid = {D73E2837-8F5A-421F-A942-6B75DB9E2D76}
	EndGlobalSection
EndGlobal
